
Microsoft Visual Studio Solution File, Format Version 12.00
# Visual Studio Version 16
VisualStudioVersion = 16.0.31005.135
MinimumVisualStudioVersion = 10.0.40219.1
Project("{FAE04EC0-301F-11D3-BF4B-00C04F79EFBC}") = "Recursion", "Recursion\Recursion.csproj", "{57A4798A-7D65-4575-A177-D660F8A2BBFA}"
EndProject
Global
	GlobalSection(SolutionConfigurationPlatforms) = preSolution
		Debug|Any CPU = Debug|Any CPU
		Release|Any CPU = Release|Any CPU
	EndGlobalSection
	GlobalSection(ProjectConfigurationPlatforms) = postSolution
		{57A4798A-7D65-4575-A177-D660F8A2BBFA}.Debug|Any CPU.ActiveCfg = Debug|Any CPU
		{57A4798A-7D65-4575-A177-D660F8A2BBFA}.Debug|Any CPU.Build.0 = Debug|Any CPU
		{57A4798A-7D65-4575-A177-D660F8A2BBFA}.Release|Any CPU.ActiveCfg = Release|Any CPU
		{57A4798A-7D65-4575-A177-D660F8A2BBFA}.Release|Any CPU.Build.0 = Release|Any CPU
	EndGlobalSection
	GlobalSection(SolutionProperties) = preSolution
		HideSolutionNode = FALSE
	EndGlobalSection
	GlobalSection(ExtensibilityGlobals) = postSolution
		SolutionGuid = {E88454B1-DAAC-4C65-8E9F-600F91365893}
	EndGlobalSection
EndGlobal
